
Microsoft Visual Studio Solution File, Format Version 12.00
# Visual Studio Version 17
VisualStudioVersion = 17.7.34031.279
MinimumVisualStudioVersion = 10.0.40219.1
Project("{FAE04EC0-301F-11D3-BF4B-00C04F79EFBC}") = "IMPICCATO", "IMPICCATO\IMPICCATO.csproj", "{402F171F-4A80-46DC-8416-D36C592E7432}"
EndProject
Global
	GlobalSection(SolutionConfigurationPlatforms) = preSolution
		Debug|Any CPU = Debug|Any CPU
		Release|Any CPU = Release|Any CPU
	EndGlobalSection
	GlobalSection(ProjectConfigurationPlatforms) = postSolution
		{402F171F-4A80-46DC-8416-D36C592E7432}.Debug|Any CPU.ActiveCfg = Debug|Any CPU
		{402F171F-4A80-46DC-8416-D36C592E7432}.Debug|Any CPU.Build.0 = Debug|Any CPU
		{402F171F-4A80-46DC-8416-D36C592E7432}.Release|Any CPU.ActiveCfg = Release|Any CPU
		{402F171F-4A80-46DC-8416-D36C592E7432}.Release|Any CPU.Build.0 = Release|Any CPU
	EndGlobalSection
	GlobalSection(SolutionProperties) = preSolution
		HideSolutionNode = FALSE
	EndGlobalSection
	GlobalSection(ExtensibilityGlobals) = postSolution
		SolutionGuid = {719B2043-CAEF-478F-99D0-5B2CA98E00F7}
	EndGlobalSection
EndGlobal
